
Microsoft Visual Studio Solution File, Format Version 12.00
# Visual Studio 15
VisualStudioVersion = 15.0.28010.2050
MinimumVisualStudioVersion = 10.0.40219.1
Project("{FAE04EC0-301F-11D3-BF4B-00C04F79EFBC}") = "ImageViewer", "ImageViewer\ImageViewer.csproj", "{C3DC7DFA-F253-4E4E-8642-93D3A624A207}"
EndProject
Global
	GlobalSection(SolutionConfigurationPlatforms) = preSolution
		Debug|Any CPU = Debug|Any CPU
		Release|Any CPU = Release|Any CPU
	EndGlobalSection
	GlobalSection(ProjectConfigurationPlatforms) = postSolution
		{C3DC7DFA-F253-4E4E-8642-93D3A624A207}.Debug|Any CPU.ActiveCfg = Debug|Any CPU
		{C3DC7DFA-F253-4E4E-8642-93D3A624A207}.Debug|Any CPU.Build.0 = Debug|Any CPU
		{C3DC7DFA-F253-4E4E-8642-93D3A624A207}.Release|Any CPU.ActiveCfg = Release|Any CPU
		{C3DC7DFA-F253-4E4E-8642-93D3A624A207}.Release|Any CPU.Build.0 = Release|Any CPU
	EndGlobalSection
	GlobalSection(SolutionProperties) = preSolution
		HideSolutionNode = FALSE
	EndGlobalSection
	GlobalSection(ExtensibilityGlobals) = postSolution
		SolutionGuid = {5F18386B-7061-4AA0-B720-59A6E74034A0}
	EndGlobalSection
EndGlobal
